{
  "name": "tulpar-example-carbon-angular",
  "lockfileVersion": 3,
  "requires": true,
  "packages": {
    "": {
      "name": "tulpar-example-carbon-angular",
      "dependencies": {
        "@angular/animations": "22.2.0",
        "@angular/common": "22.2.0",
        "@angular/compiler": "22.2.0",
        "@angular/core": "22.2.0",
        "@angular/forms": "22.2.0",
        "@angular/platform-browser": "22.2.0",
        "@angular/router": "22.2.0",
        "@carbon/layout": "11.60.0",
        "@carbon/styles": "1.116.0",
        "@carbon/themes": "11.82.0",
        "@ibm/plex-sans": "1.1.0",
        "carbon-components-angular": "5.72.2",
        "rxjs": "7.8.2",
        "zone.js": "0.16.3"
      }
    },
    "node_modules/@angular/animations": {
      "version": "22.2.0",
      "resolved": "https://registry.npmjs.org/@angular/animations/-/animations-22.2.0.tgz",
      "integrity": "sha512-JfBaStn07PC4kIw7vHPlKgyjzIM+d3ZgoxjHuTbLMa6lW1IXmUqgJVNSzgI3TUWmYUBtereMjOnZ2PVuIA+L4g==",
      "license": "MIT",
      "dependencies": {
        "tslib": "^2.3.0"
      },
      "engines": {
        "node": "^22.22.3 || ^24.15.0 || >=26.0.0"
      },
      "peerDependencies": {
        "@angular/core": "22.2.0"
      }
    },
    "node_modules/@angular/common": {
      "version": "22.2.0",
      "resolved": "https://registry.npmjs.org/@angular/common/-/common-22.2.0.tgz",
      "integrity": "sha512-BUKkncKwnaEcF/qatBOpzSIx2NthFZLYlTcE7iHwwsw+XQrwB9hU8Ca/l5HqaTJiMg0D8MjI/SWHnD4LFtNN+w==",
      "license": "MIT",
      "dependencies": {
        "tslib": "^2.3.0"
      },
      "engines": {
        "node": "^22.22.3 || ^24.15.0 || >=26.0.0"
      },
      "peerDependencies": {
        "@angular/core": "22.2.0",
        "rxjs": "^6.5.3 || ^7.4.0"
      }
    },
    "node_modules/@angular/compiler": {
      "version": "22.2.0",
      "resolved": "https://registry.npmjs.org/@angular/compiler/-/compiler-22.2.0.tgz",
      "integrity": "sha512-bnqql/HfhnhDXoS7isNaXJAsbKYszcH+nFVWA6YhiAVZhqo3f+XoQb30qeqNtEOKuuC7SZfaAJ3jBkAvyC5CKg==",
      "license": "MIT",
      "dependencies": {
        "tslib": "^2.3.0"
      },
      "engines": {
        "node": "^22.22.3 || ^24.15.0 || >=26.0.0"
      }
    },
    "node_modules/@angular/core": {
      "version": "22.2.0",
      "resolved": "https://registry.npmjs.org/@angular/core/-/core-22.2.0.tgz",
      "integrity": "sha512-VhAgJ4GCdGgAy9+zADpSyEM9gt4pKg6+cqNeK3RBNeF3M3B8y7AWfD/nYRdM3Xzi152Pu+ipgFFNHpupCLTsvQ==",
      "license": "MIT",
      "dependencies": {
        "tslib": "^2.3.0"
      },
      "engines": {
        "node": "^22.22.3 || ^24.15.0 || >=26.0.0"
      },
      "peerDependencies": {
        "@angular/compiler": "22.2.0",
        "rxjs": "^6.5.3 || ^7.4.0",
        "zone.js": "~0.15.0 || ~0.16.0"
      },
      "peerDependenciesMeta": {
        "@angular/compiler": {
          "optional": true
        },
        "zone.js": {
          "optional": true
        }
      }
    },
    "node_modules/@angular/forms": {
      "version": "22.2.0",
      "resolved": "https://registry.npmjs.org/@angular/forms/-/forms-22.2.0.tgz",
      "integrity": "sha512-Nm8o1uBk31EuQGzsK5EunNBVFzTN9MuTYLSrmg1SCPTcava4qK3AzSpl1+Put+cZTTnGtEBIy45AFaxHR2oryg==",
      "license": "MIT",
      "dependencies": {
        "@standard-schema/spec": "^1.0.0",
        "tslib": "^2.3.0",
        "zod": "^4.0.10"
      },
      "engines": {
        "node": "^22.22.3 || ^24.15.0 || >=26.0.0"
      },
      "peerDependencies": {
        "@angular/common": "22.2.0",
        "@angular/core": "22.2.0",
        "@angular/platform-browser": "22.2.0",
        "rxjs": "^6.5.3 || ^7.4.0"
      }
    },
    "node_modules/@angular/platform-browser": {
      "version": "22.2.0",
      "resolved": "https://registry.npmjs.org/@angular/platform-browser/-/platform-browser-22.2.0.tgz",
      "integrity": "sha512-XMUOyn8WARk9NdFGO3uRgdC3hPrp+2xsSYNeSkaEZ4jI3Pc23f22e4GI8Vayl/UOmShHVn/i+NWfTWh3SEbbSw==",
      "license": "MIT",
      "dependencies": {
        "tslib": "^2.3.0"
      },
      "engines": {
        "node": "^22.22.3 || ^24.15.0 || >=26.0.0"
      },
      "peerDependencies": {
        "@angular/animations": "22.2.0",
        "@angular/common": "22.2.0",
        "@angular/core": "22.2.0"
      },
      "peerDependenciesMeta": {
        "@angular/animations": {
          "optional": true
        }
      }
    },
    "node_modules/@angular/router": {
      "version": "22.2.0",
      "resolved": "https://registry.npmjs.org/@angular/router/-/router-22.2.0.tgz",
      "integrity": "sha512-+pxHMwWWKg+ejS1vKa+tS91CDusCIK1MOSy6fVLc89McMOY/C8tsLrh1uJaMjklejsz+3XUhJgrLOvl3ISNz6w==",
      "license": "MIT",
      "dependencies": {
        "tslib": "^2.3.0"
      },
      "engines": {
        "node": "^22.22.3 || ^24.15.0 || >=26.0.0"
      },
      "peerDependencies": {
        "@angular/common": "22.2.0",
        "@angular/core": "22.2.0",
        "@angular/platform-browser": "22.2.0",
        "rxjs": "^6.5.3 || ^7.4.0"
      }
    },
    "node_modules/@carbon/colors": {
      "version": "11.59.0",
      "resolved": "https://registry.npmjs.org/@carbon/colors/-/colors-11.59.0.tgz",
      "integrity": "sha512-8Uz0KatyYgVYcujtCZeNmDX03BniD/WIy77uN2PuXoYCKMyv/kziSHHWBJ3DPhvsZb1734796lyESMvrgL8NBg==",
      "hasInstallScript": true,
      "license": "Apache-2.0",
      "dependencies": {
        "@ibm/telemetry-js": "^1.5.0"
      }
    },
    "node_modules/@carbon/feature-flags": {
      "version": "1.10.0",
      "resolved": "https://registry.npmjs.org/@carbon/feature-flags/-/feature-flags-1.10.0.tgz",
      "integrity": "sha512-dRqo+H1wy2Zzghj813qLTaROXPKISp1IpxOgdSqsd0NqB9is1Hlv5fr6Asygzo5LTLXNvGyRmsHbFCyfDxmZxQ==",
      "hasInstallScript": true,
      "license": "Apache-2.0",
      "dependencies": {
        "@ibm/telemetry-js": "^1.5.0"
      }
    },
    "node_modules/@carbon/grid": {
      "version": "11.63.0",
      "resolved": "https://registry.npmjs.org/@carbon/grid/-/grid-11.63.0.tgz",
      "integrity": "sha512-43Q8IErP7+BkIbU5cdR0A5Mpsj8GssJGu6JhWJREE318eBzJkoQ3Yt7OBUfVzFSA7MV6spl1Q8L1hJb9MId1gw==",
      "hasInstallScript": true,
      "license": "Apache-2.0",
      "dependencies": {
        "@carbon/layout": "^11.60.0",
        "@ibm/telemetry-js": "^1.5.0"
      }
    },
    "node_modules/@carbon/icon-helpers": {
      "version": "10.37.0",
      "resolved": "https://registry.npmjs.org/@carbon/icon-helpers/-/icon-helpers-10.37.0.tgz",
      "integrity": "sha512-YXed2JUSCGddp3UnY5OffR3W8Pl+dy9a+vfUtYhSLH9TbIEBR6EvYIfvruFMhA8JIVMCUClUqgyMQXM5oMFQ0g==",
      "license": "Apache-2.0"
    },
    "node_modules/@carbon/icons": {
      "version": "11.58.0",
      "resolved": "https://registry.npmjs.org/@carbon/icons/-/icons-11.58.0.tgz",
      "integrity": "sha512-ArqDWsH7AZg2oenQX3PS1GK0HW5mRCAkIt2Yx1eucKXIi9tlAROmEZLDkU4FSSipNU8wa+Yncu2oAPOg7p7qMg==",
      "hasInstallScript": true,
      "license": "Apache-2.0",
      "dependencies": {
        "@ibm/telemetry-js": "^1.5.0"
      }
    },
    "node_modules/@carbon/layout": {
      "version": "11.60.0",
      "resolved": "https://registry.npmjs.org/@carbon/layout/-/layout-11.60.0.tgz",
      "integrity": "sha512-ZrY1nkJt5UN1n93HCS7OH6C7dloMFdl01MhT6C1zRBv+FL5dODz+NEYxxUOM45ATP7z78XnpvQsTdTnu3kaiUg==",
      "hasInstallScript": true,
      "license": "Apache-2.0",
      "dependencies": {
        "@ibm/telemetry-js": "^1.5.0"
      }
    },
    "node_modules/@carbon/motion": {
      "version": "11.53.0",
      "resolved": "https://registry.npmjs.org/@carbon/motion/-/motion-11.53.0.tgz",
      "integrity": "sha512-pqpgrgLx6QK4dtXXdmHSF1BMOyWS+LlXBNjqVH+N13CEDInYjya77ksIbLRRPxEDh47yp8rT6aDnVR0kv7/JTQ==",
      "hasInstallScript": true,
      "license": "Apache-2.0",
      "dependencies": {
        "@ibm/telemetry-js": "^1.5.0"
      }
    },
    "node_modules/@carbon/styles": {
      "version": "1.116.0",
      "resolved": "https://registry.npmjs.org/@carbon/styles/-/styles-1.116.0.tgz",
      "integrity": "sha512-JGheJvrkuvgw93wLe+POy94olKvn0hSCIjgAIq6Goo38dNc/atkYOIt+PQhnQp7OwSk8SpRtCXB0Qt4p65biwQ==",
      "hasInstallScript": true,
      "license": "Apache-2.0",
      "dependencies": {
        "@carbon/colors": "^11.59.0",
        "@carbon/feature-flags": "^1.10.0",
        "@carbon/grid": "^11.63.0",
        "@carbon/layout": "^11.60.0",
        "@carbon/motion": "^11.53.0",
        "@carbon/themes": "^11.82.0",
        "@carbon/type": "^11.68.0",
        "@ibm/plex": "6.4.1",
        "@ibm/plex-mono": "2.5.0",
        "@ibm/plex-sans": "1.1.0",
        "@ibm/plex-sans-arabic": "1.1.0",
        "@ibm/plex-sans-devanagari": "1.1.0",
        "@ibm/plex-sans-hebrew": "1.1.0",
        "@ibm/plex-sans-thai": "1.1.0",
        "@ibm/plex-sans-thai-looped": "1.1.0",
        "@ibm/plex-serif": "2.0.0",
        "@ibm/telemetry-js": "^1.5.0"
      },
      "peerDependencies": {
        "sass": "^1.33.0"
      },
      "peerDependenciesMeta": {
        "sass": {
          "optional": true
        }
      }
    },
    "node_modules/@carbon/themes": {
      "version": "11.82.0",
      "resolved": "https://registry.npmjs.org/@carbon/themes/-/themes-11.82.0.tgz",
      "integrity": "sha512-00SjjUQh8X1sLANwnoAXiFm7rWHW6ufY+twLnbmcEtJ+PKby8ytBbP9xNnq4hTFgiaR41B77AQwMQZo22PYItA==",
      "hasInstallScript": true,
      "license": "Apache-2.0",
      "dependencies": {
        "@carbon/colors": "^11.59.0",
        "@carbon/layout": "^11.60.0",
        "@carbon/type": "^11.68.0",
        "@ibm/telemetry-js": "^1.5.0",
        "color": "^4.0.0"
      },
      "engines": {
        "node": ">=22"
      }
    },
    "node_modules/@carbon/type": {
      "version": "11.68.0",
      "resolved": "https://registry.npmjs.org/@carbon/type/-/type-11.68.0.tgz",
      "integrity": "sha512-3BOiTVEYaIXwpTphCT3e+Dp6tSuRGLGq/9auHyOzflvF7BkqrqI+xA7fDEBoqLbCgn5CiQPQZtce3hbBXZRp3g==",
      "hasInstallScript": true,
      "license": "Apache-2.0",
      "dependencies": {
        "@carbon/grid": "^11.63.0",
        "@carbon/layout": "^11.60.0",
        "@ibm/telemetry-js": "^1.5.0"
      }
    },
    "node_modules/@carbon/utils-position": {
      "version": "1.1.4",
      "resolved": "https://registry.npmjs.org/@carbon/utils-position/-/utils-position-1.1.4.tgz",
      "integrity": "sha512-/01kFPKr+wD2pPd5Uck2gElm3K/+eNxX7lEn2j1NKzzE4+eSZXDfQtLR/UHcvOSgkP+Av42LET6B9h9jXGV+HA==",
      "license": "MIT"
    },
    "node_modules/@floating-ui/core": {
      "version": "1.8.0",
      "resolved": "https://registry.npmjs.org/@floating-ui/core/-/core-1.8.0.tgz",
      "integrity": "sha512-0CIZ5itps/8x7BG8dEIhs53BvCUH2PCoogtakwRTut+Arm58sJooJ0AuZhLw2HJYIR5cMLNPBSS728sPho2khQ==",
      "license": "MIT",
      "dependencies": {
        "@floating-ui/utils": "^0.2.12"
      }
    },
    "node_modules/@floating-ui/dom": {
      "version": "1.6.13",
      "resolved": "https://registry.npmjs.org/@floating-ui/dom/-/dom-1.6.13.tgz",
      "integrity": "sha512-umqzocjDgNRGTuO7Q8CU32dkHkECqI8ZdMZ5Swb6QAM0t5rnlrN3lGo1hdpscRd3WS8T6DKYK4ephgIH9iRh3w==",
      "license": "MIT",
      "dependencies": {
        "@floating-ui/core": "^1.6.0",
        "@floating-ui/utils": "^0.2.9"
      }
    },
    "node_modules/@floating-ui/utils": {
      "version": "0.2.12",
      "resolved": "https://registry.npmjs.org/@floating-ui/utils/-/utils-0.2.12.tgz",
      "integrity": "sha512-HpCo8tmWzLVad5s2d19EhAz5zqrrQ6s69qd6moPMQvkOuSwDT1YgRfWSVuc4ennqrgv3OHppiOGMQ7oC13yIww==",
      "license": "MIT"
    },
    "node_modules/@ibm/plex": {
      "version": "6.4.1",
      "resolved": "https://registry.npmjs.org/@ibm/plex/-/plex-6.4.1.tgz",
      "integrity": "sha512-fnsipQywHt3zWvsnlyYKMikcVI7E2fEwpiPnIHFqlbByXVfQfANAAeJk1IV4mNnxhppUIDlhU0TzwYwL++Rn2g==",
      "hasInstallScript": true,
      "license": "OFL-1.1",
      "dependencies": {
        "@ibm/telemetry-js": "^1.5.1"
      }
    },
    "node_modules/@ibm/plex-mono": {
      "version": "2.5.0",
      "resolved": "https://registry.npmjs.org/@ibm/plex-mono/-/plex-mono-2.5.0.tgz",
      "integrity": "sha512-STBJIPxPomOYPmBMO7z5TKPJUotAF9u3gAUumTqVgwgrAO+K4FRNh0MlhsoJjKhJKsMbBJR10/bk4inkj/wc1w==",
      "hasInstallScript": true,
      "license": "OFL-1.1",
      "dependencies": {
        "@ibm/telemetry-js": "^1.6.1"
      }
    },
    "node_modules/@ibm/plex-sans": {
      "version": "1.1.0",
      "resolved": "https://registry.npmjs.org/@ibm/plex-sans/-/plex-sans-1.1.0.tgz",
      "integrity": "sha512-WPgvO6Yfj2w5YbhyAr1tv95RUz4LRJlqN+CmYvBglabXteufP1D1E9BABMde+ZIKdRbFJDoKF5eQzfhpnbgZcQ==",
      "hasInstallScript": true,
      "license": "OFL-1.1",
      "dependencies": {
        "@ibm/telemetry-js": "^1.6.1"
      }
    },
    "node_modules/@ibm/plex-sans-arabic": {
      "version": "1.1.0",
      "resolved": "https://registry.npmjs.org/@ibm/plex-sans-arabic/-/plex-sans-arabic-1.1.0.tgz",
      "integrity": "sha512-u8wIS6szLAOFvlBjCFZmtpKIqbhuIuniG2N0J+sio8vV6INH58hP0t0QNYrSl9SZtCv2Fwb4oQGuZJY3kJ4+QA==",
      "hasInstallScript": true,
      "license": "OFL-1.1",
      "dependencies": {
        "@ibm/telemetry-js": "^1.6.1"
      }
    },
    "node_modules/@ibm/plex-sans-devanagari": {
      "version": "1.1.0",
      "resolved": "https://registry.npmjs.org/@ibm/plex-sans-devanagari/-/plex-sans-devanagari-1.1.0.tgz",
      "integrity": "sha512-IVNV9NxXZDzcGZRao/xj+kiFwkdLkcw5vNiKwY8wEzzkpjApXJnPhJ0a7mIKNAh8oIadTIF68+iGtzRKK3nXAQ==",
      "hasInstallScript": true,
      "license": "OFL-1.1",
      "dependencies": {
        "@ibm/telemetry-js": "^1.6.1"
      }
    },
    "node_modules/@ibm/plex-sans-hebrew": {
      "version": "1.1.0",
      "resolved": "https://registry.npmjs.org/@ibm/plex-sans-hebrew/-/plex-sans-hebrew-1.1.0.tgz",
      "integrity": "sha512-iix0rLpUD0E8dE8q+/t3B7u1or7h6gEzoy6TK9NwP41AN31WE55f2cFwQAXomBDwr0Ozc9sHYy97NutEukZXzQ==",
      "hasInstallScript": true,
      "license": "OFL-1.1",
      "dependencies": {
        "@ibm/telemetry-js": "^1.6.1"
      }
    },
    "node_modules/@ibm/plex-sans-thai": {
      "version": "1.1.0",
      "resolved": "https://registry.npmjs.org/@ibm/plex-sans-thai/-/plex-sans-thai-1.1.0.tgz",
      "integrity": "sha512-vk7IrjdO69eEElJpFBppCha/wvU48DFyVuDewcfIf5L6Z11s0vbROANCvKipVPRUz1LE4ron8KoitWGcl3AlfA==",
      "hasInstallScript": true,
      "license": "OFL-1.1",
      "dependencies": {
        "@ibm/telemetry-js": "^1.6.1"
      }
    },
    "node_modules/@ibm/plex-sans-thai-looped": {
      "version": "1.1.0",
      "resolved": "https://registry.npmjs.org/@ibm/plex-sans-thai-looped/-/plex-sans-thai-looped-1.1.0.tgz",
      "integrity": "sha512-9zbDGzmtscHgBRTF88y3/92zQx6lmKjz5ZxhgcljilwOpj08BAytDc3mzUl9XGUh+DmOMl0Ql1lk6ecsEYYg2w==",
      "hasInstallScript": true,
      "license": "OFL-1.1",
      "dependencies": {
        "@ibm/telemetry-js": "^1.6.1"
      }
    },
    "node_modules/@ibm/plex-serif": {
      "version": "2.0.0",
      "resolved": "https://registry.npmjs.org/@ibm/plex-serif/-/plex-serif-2.0.0.tgz",
      "integrity": "sha512-xVu9JsC18tBoQF2M6fofpsWrHj5a94saxlOZbYmXoC0E3UfjgS1JlibgrnaUJjnkLlEyCpMgI2PdhkDxijw0gA==",
      "hasInstallScript": true,
      "license": "OFL-1.1",
      "dependencies": {
        "@ibm/telemetry-js": "^1.6.1"
      }
    },
    "node_modules/@ibm/telemetry-js": {
      "version": "1.11.0",
      "resolved": "https://registry.npmjs.org/@ibm/telemetry-js/-/telemetry-js-1.11.0.tgz",
      "integrity": "sha512-RO/9j+URJnSfseWg9ZkEX9p+a3Ousd33DBU7rOafoZB08RqdzxFVYJ2/iM50dkBuD0o7WX7GYt1sLbNgCoE+pA==",
      "license": "Apache-2.0",
      "bin": {
        "ibmtelemetry": "dist/collect.js"
      }
    },
    "node_modules/@standard-schema/spec": {
      "version": "1.1.0",
      "resolved": "https://registry.npmjs.org/@standard-schema/spec/-/spec-1.1.0.tgz",
      "integrity": "sha512-l2aFy5jALhniG5HgqrD6jXLi/rUWrKvqN/qJx6yoJsgKhblVd+iqqU4RCXavm/jPityDo5TCvKMnpjKnOriy0w==",
      "license": "MIT"
    },
    "node_modules/carbon-components-angular": {
      "version": "5.72.2",
      "resolved": "https://registry.npmjs.org/carbon-components-angular/-/carbon-components-angular-5.72.2.tgz",
      "integrity": "sha512-UGOpgrua3iwzEVaPcguGSj7C518UFC2r8cdEdmgc+qYeVVuNfVfLFbKAvcGPHJhc657OViOgNYe8AY36HANoww==",
      "hasInstallScript": true,
      "license": "Apache-2.0",
      "dependencies": {
        "@carbon/icon-helpers": "10.37.0",
        "@carbon/icons": "11.58.0",
        "@carbon/utils-position": "1.1.4",
        "@floating-ui/dom": "1.6.13",
        "@ibm/telemetry-js": "^1.5.0",
        "flatpickr": "4.6.13",
        "lodash-es": "4.18.1",
        "tslib": "2.3.0"
      },
      "peerDependencies": {
        "@carbon/styles": "^1.54.0"
      }
    },
    "node_modules/carbon-components-angular/node_modules/tslib": {
      "version": "2.3.0",
      "resolved": "https://registry.npmjs.org/tslib/-/tslib-2.3.0.tgz",
      "integrity": "sha512-N82ooyxVNm6h1riLCoyS9e3fuJ3AMG2zIZs2Gd1ATcSFjSA23Q0fzjjZeh0jbJvWVDZ0cJT8yaNNaaXHzueNjg==",
      "license": "0BSD"
    },
    "node_modules/color": {
      "version": "4.2.3",
      "resolved": "https://registry.npmjs.org/color/-/color-4.2.3.tgz",
      "integrity": "sha512-1rXeuUUiGGrykh+CeBdu5Ie7OJwinCgQY0bc7GCRxy5xVHy+moaqkpL/jqQq0MtQOeYcrqEz4abc5f0KtU7W4A==",
      "license": "MIT",
      "dependencies": {
        "color-convert": "^2.0.1",
        "color-string": "^1.9.0"
      },
      "engines": {
        "node": ">=12.5.0"
      }
    },
    "node_modules/color-convert": {
      "version": "2.0.1",
      "resolved": "https://registry.npmjs.org/color-convert/-/color-convert-2.0.1.tgz",
      "integrity": "sha512-RRECPsj7iu/xb5oKYcsFHSppFNnsj/52OVTRKb4zP5onXwVF3zVmmToNcOfGC+CRDpfK/U584fMg38ZHCaElKQ==",
      "license": "MIT",
      "dependencies": {
        "color-name": "~1.1.4"
      },
      "engines": {
        "node": ">=7.0.0"
      }
    },
    "node_modules/color-name": {
      "version": "1.1.4",
      "resolved": "https://registry.npmjs.org/color-name/-/color-name-1.1.4.tgz",
      "integrity": "sha512-dOy+3AuW3a2wNbZHIuMZpTcgjGuLU/uBL/ubcZF9OXbDo8ff4O8yVp5Bf0efS8uEoYo5q4Fx7dY9OgQGXgAsQA==",
      "license": "MIT"
    },
    "node_modules/color-string": {
      "version": "1.9.1",
      "resolved": "https://registry.npmjs.org/color-string/-/color-string-1.9.1.tgz",
      "integrity": "sha512-shrVawQFojnZv6xM40anx4CkoDP+fZsw/ZerEMsW/pyzsRbElpsL/DBVW7q3ExxwusdNXI3lXpuhEZkzs8p5Eg==",
      "license": "MIT",
      "dependencies": {
        "color-name": "^1.0.0",
        "simple-swizzle": "^0.2.2"
      }
    },
    "node_modules/flatpickr": {
      "version": "4.6.13",
      "resolved": "https://registry.npmjs.org/flatpickr/-/flatpickr-4.6.13.tgz",
      "integrity": "sha512-97PMG/aywoYpB4IvbvUJi0RQi8vearvU0oov1WW3k0WZPBMrTQVqekSX5CjSG/M4Q3i6A/0FKXC7RyAoAUUSPw==",
      "license": "MIT"
    },
    "node_modules/is-arrayish": {
      "version": "0.3.4",
      "resolved": "https://registry.npmjs.org/is-arrayish/-/is-arrayish-0.3.4.tgz",
      "integrity": "sha512-m6UrgzFVUYawGBh1dUsWR5M2Clqic9RVXC/9f8ceNlv2IcO9j9J/z8UoCLPqtsPBFNzEpfR3xftohbfqDx8EQA==",
      "license": "MIT"
    },
    "node_modules/lodash-es": {
      "version": "4.18.1",
      "resolved": "https://registry.npmjs.org/lodash-es/-/lodash-es-4.18.1.tgz",
      "integrity": "sha512-J8xewKD/Gk22OZbhpOVSwcs60zhd95ESDwezOFuA3/099925PdHJ7OFHNTGtajL3AlZkykD32HykiMo+BIBI8A==",
      "license": "MIT"
    },
    "node_modules/rxjs": {
      "version": "7.8.2",
      "resolved": "https://registry.npmjs.org/rxjs/-/rxjs-7.8.2.tgz",
      "integrity": "sha512-dhKf903U/PQZY6boNNtAGdWbG85WAbjT/1xYoZIC7FAY0yWapOBQVsVrDl58W86//e1VpMNBtRV4MaXfdMySFA==",
      "license": "Apache-2.0",
      "dependencies": {
        "tslib": "^2.1.0"
      }
    },
    "node_modules/simple-swizzle": {
      "version": "0.2.4",
      "resolved": "https://registry.npmjs.org/simple-swizzle/-/simple-swizzle-0.2.4.tgz",
      "integrity": "sha512-nAu1WFPQSMNr2Zn9PGSZK9AGn4t/y97lEm+MXTtUDwfP0ksAIX4nO+6ruD9Jwut4C49SB1Ws+fbXsm/yScWOHw==",
      "license": "MIT",
      "dependencies": {
        "is-arrayish": "^0.3.1"
      }
    },
    "node_modules/tslib": {
      "version": "2.8.1",
      "resolved": "https://registry.npmjs.org/tslib/-/tslib-2.8.1.tgz",
      "integrity": "sha512-oJFu94HQb+KVduSUQL7wnpmqnfmLsOA/nAh6b6EH0wCEoK0/mPeXU6c3wKDV83MkOuHPRHtSXKKU99IBazS/2w==",
      "license": "0BSD"
    },
    "node_modules/zod": {
      "version": "4.6.5",
      "resolved": "https://registry.npmjs.org/zod/-/zod-4.6.5.tgz",
      "integrity": "sha512-v5l/aFXZQeai4awLbOpSoHecE9UiMrnfx75tEXLjNonXVARxQ5mOeipTjROUchszUNCqnE+hqAMujRsRHsut2Q==",
      "license": "MIT",
      "funding": {
        "url": "https://github.com/sponsors/colinhacks"
      }
    },
    "node_modules/zone.js": {
      "version": "0.16.3",
      "resolved": "https://registry.npmjs.org/zone.js/-/zone.js-0.16.3.tgz",
      "integrity": "sha512-ihXL9+vhYyEhXz4TDNpHeAOZN9FVrbog0Il64OIEI28UP/n5AaI6gsccRuOHBfx+206agzyoK527bYIO0Foy6A==",
      "license": "MIT"
    }
  }
}
